github.com/wogri/bbox v0.0.0-20200819200237-871e6564c046 h1:OwoyA+QR7uEWQrPpGquUU8o9EU5E5advmFfw/HV+t5Q=
github.com/wogri/bbox/thingspeak_client v0.0.0-20200819201122-559f8326d9a6 h1:IWZ2UxSguXr93FOlAhGtenN1GibpmRm3L8bCT6fcJzA=
github.com/wogri/bbox/thingspeak_client v0.0.0-20200819201122-559f8326d9a6/go.mod h1:iaiMFuQnWEfF4XTRgQwAHvvnzjd9phSJyZpSrR6w9ZY=
